
Microsoft Visual Studio Solution File, Format Version 12.00
Project("{FAE04EC0-301F-11D3-BF4B-00C04F79EFBC}") = "tetelvizz", "tetelvizz\tetelvizz.csproj", "{3ABF3DB0-01E0-4FF2-A2D8-B63C2F041337}"
EndProject
Global
	GlobalSection(SolutionConfigurationPlatforms) = preSolution
		Debug|Any CPU = Debug|Any CPU
		Release|Any CPU = Release|Any CPU
	EndGlobalSection
	GlobalSection(ProjectConfigurationPlatforms) = postSolution
		{3ABF3DB0-01E0-4FF2-A2D8-B63C2F041337}.Debug|Any CPU.ActiveCfg = Debug|Any CPU
		{3ABF3DB0-01E0-4FF2-A2D8-B63C2F041337}.Debug|Any CPU.Build.0 = Debug|Any CPU
		{3ABF3DB0-01E0-4FF2-A2D8-B63C2F041337}.Release|Any CPU.ActiveCfg = Release|Any CPU
		{3ABF3DB0-01E0-4FF2-A2D8-B63C2F041337}.Release|Any CPU.Build.0 = Release|Any CPU
	EndGlobalSection
EndGlobal
